
Microsoft Visual Studio Solution File, Format Version 12.00
# Visual Studio Version 17
VisualStudioVersion = 17.7.34221.43
MinimumVisualStudioVersion = 10.0.40219.1
Project("{FAE04EC0-301F-11D3-BF4B-00C04F79EFBC}") = "StockControlAPI", "StockControlAPI.csproj", "{8402E5A9-9DD4-4A54-865F-137A11951197}"
EndProject
Global
	GlobalSection(SolutionConfigurationPlatforms) = preSolution
		Debug|Any CPU = Debug|Any CPU
		Release|Any CPU = Release|Any CPU
	EndGlobalSection
	GlobalSection(ProjectConfigurationPlatforms) = postSolution
		{8402E5A9-9DD4-4A54-865F-137A11951197}.Debug|Any CPU.ActiveCfg = Debug|Any CPU
		{8402E5A9-9DD4-4A54-865F-137A11951197}.Debug|Any CPU.Build.0 = Debug|Any CPU
		{8402E5A9-9DD4-4A54-865F-137A11951197}.Release|Any CPU.ActiveCfg = Release|Any CPU
		{8402E5A9-9DD4-4A54-865F-137A11951197}.Release|Any CPU.Build.0 = Release|Any CPU
	EndGlobalSection
	GlobalSection(SolutionProperties) = preSolution
		HideSolutionNode = FALSE
	EndGlobalSection
	GlobalSection(ExtensibilityGlobals) = postSolution
		SolutionGuid = {02523342-1B11-459E-AD16-537BC5E8C657}
	EndGlobalSection
EndGlobal
